
Microsoft Visual Studio Solution File, Format Version 12.00
# Visual Studio Version 16
VisualStudioVersion = 16.0.32630.194
MinimumVisualStudioVersion = 10.0.40219.1
Project("{FAE04EC0-301F-11D3-BF4B-00C04F79EFBC}") = "BAIS3110_ASPLab", "BAIS3110_ASPLab.csproj", "{5B7C38A2-CDB2-4A71-BC38-610AEB0C11BA}"
EndProject
Global
	GlobalSection(SolutionConfigurationPlatforms) = preSolution
		Debug|Any CPU = Debug|Any CPU
		Release|Any CPU = Release|Any CPU
	EndGlobalSection
	GlobalSection(ProjectConfigurationPlatforms) = postSolution
		{5B7C38A2-CDB2-4A71-BC38-610AEB0C11BA}.Debug|Any CPU.ActiveCfg = Debug|Any CPU
		{5B7C38A2-CDB2-4A71-BC38-610AEB0C11BA}.Debug|Any CPU.Build.0 = Debug|Any CPU
		{5B7C38A2-CDB2-4A71-BC38-610AEB0C11BA}.Release|Any CPU.ActiveCfg = Release|Any CPU
		{5B7C38A2-CDB2-4A71-BC38-610AEB0C11BA}.Release|Any CPU.Build.0 = Release|Any CPU
	EndGlobalSection
	GlobalSection(SolutionProperties) = preSolution
		HideSolutionNode = FALSE
	EndGlobalSection
	GlobalSection(ExtensibilityGlobals) = postSolution
		SolutionGuid = {B7F53E19-1957-404C-A323-FE620A1462FC}
	EndGlobalSection
EndGlobal
